
Microsoft Visual Studio Solution File, Format Version 12.00
# Visual Studio Version 17
VisualStudioVersion = 17.8.34309.116
MinimumVisualStudioVersion = 10.0.40219.1
Project("{9A19103F-16F7-4668-BE54-9A1E7A4F7556}") = "ChristmasSong", "ChristmasSong.csproj", "{3CA283BF-D0A8-4BD8-B312-A810049D66A6}"
EndProject
Global
	GlobalSection(SolutionConfigurationPlatforms) = preSolution
		Debug|Any CPU = Debug|Any CPU
		Release|Any CPU = Release|Any CPU
	EndGlobalSection
	GlobalSection(ProjectConfigurationPlatforms) = postSolution
		{3CA283BF-D0A8-4BD8-B312-A810049D66A6}.Debug|Any CPU.ActiveCfg = Debug|Any CPU
		{3CA283BF-D0A8-4BD8-B312-A810049D66A6}.Debug|Any CPU.Build.0 = Debug|Any CPU
		{3CA283BF-D0A8-4BD8-B312-A810049D66A6}.Release|Any CPU.ActiveCfg = Release|Any CPU
		{3CA283BF-D0A8-4BD8-B312-A810049D66A6}.Release|Any CPU.Build.0 = Release|Any CPU
	EndGlobalSection
	GlobalSection(SolutionProperties) = preSolution
		HideSolutionNode = FALSE
	EndGlobalSection
	GlobalSection(ExtensibilityGlobals) = postSolution
		SolutionGuid = {30BB2854-3B54-46EC-BAD3-6EA6FBE21A35}
	EndGlobalSection
EndGlobal
